
Microsoft Visual Studio Solution File, Format Version 12.00
Project("{FAE04EC0-301F-11D3-BF4B-00C04F79EFBC}") = "CatFacts", "CatFacts.csproj", "{02556CFC-5256-4547-A239-A272FC19D0BC}"
EndProject
Global
	GlobalSection(SolutionConfigurationPlatforms) = preSolution
		Debug|Any CPU = Debug|Any CPU
		Release|Any CPU = Release|Any CPU
	EndGlobalSection
	GlobalSection(ProjectConfigurationPlatforms) = postSolution
		{02556CFC-5256-4547-A239-A272FC19D0BC}.Debug|Any CPU.ActiveCfg = Debug|Any CPU
		{02556CFC-5256-4547-A239-A272FC19D0BC}.Debug|Any CPU.Build.0 = Debug|Any CPU
		{02556CFC-5256-4547-A239-A272FC19D0BC}.Release|Any CPU.ActiveCfg = Release|Any CPU
		{02556CFC-5256-4547-A239-A272FC19D0BC}.Release|Any CPU.Build.0 = Release|Any CPU
	EndGlobalSection
EndGlobal
